<?xml version="1.0" encoding="utf-8"?>
<Project ToolsVersion="4.0" xmlns="http://schemas.microsoft.com/developer/msbuild/2003">
  <ItemGroup>
    <Filter Include="win32">
      <UniqueIdentifier>{84a8ebd7-7cf0-47f6-b75e-d441df67da40}</UniqueIdentifier>
    </Filter>
    <Filter Include="resource">
      <UniqueIdentifier>{715254bc-d70b-4ec5-bf29-467dd3ace079}</UniqueIdentifier>
    </Filter>
    <Filter Include="src">
      <UniqueIdentifier>{bb6c862e-70e9-49d9-81b7-3829a6f50471}</UniqueIdentifier>
    </Filter>
    <Filter Include="src\input">
      <UniqueIdentifier>{2ed63ee9-29d4-45f7-a456-185a3efb214c}</UniqueIdentifier>
    </Filter>
    <Filter Include="src\utility">
      <UniqueIdentifier>{323471ea-e926-4c11-8cb7-bc7990668c90}</UniqueIdentifier>
    </Filter>
    <Filter Include="src\entities">
      <UniqueIdentifier>{2ef712bb-c30e-48f3-a26b-2da632fdc669}</UniqueIdentifier>
    </Filter>
  </ItemGroup>
  <ItemGroup>
    <ClCompile Include="main.cpp">
      <Filter>win32</Filter>
    </ClCompile>
    <ClCompile Include="..\Classes\AppDelegate.cpp">
      <Filter>src</Filter>
    </ClCompile>
    <ClCompile Include="..\Classes\Grid.cpp">
      <Filter>src</Filter>
    </ClCompile>
    <ClCompile Include="..\Classes\Assets.cpp">
      <Filter>src</Filter>
    </ClCompile>
    <ClCompile Include="..\Classes\input\KeyboardInput.cpp">
      <Filter>src\input</Filter>
    </ClCompile>
    <ClCompile Include="..\Classes\input\MouseInput.cpp">
      <Filter>src\input</Filter>
    </ClCompile>
    <ClCompile Include="..\Classes\StateManager.cpp">
      <Filter>src</Filter>
    </ClCompile>
    <ClCompile Include="..\Classes\utility\Logger.cpp">
      <Filter>src\utility</Filter>
    </ClCompile>
    <ClCompile Include="..\Classes\SceneInit.cpp">
      <Filter>src</Filter>
    </ClCompile>
    <ClCompile Include="..\Classes\entities\Enemy.cpp">
      <Filter>src\entities</Filter>
    </ClCompile>
    <ClCompile Include="..\Classes\entities\Player.cpp">
      <Filter>src\entities</Filter>
    </ClCompile>
  </ItemGroup>
  <ItemGroup>
    <ClInclude Include="main.h">
      <Filter>win32</Filter>
    </ClInclude>
    <ClInclude Include="..\Classes\AppDelegate.h">
      <Filter>src</Filter>
    </ClInclude>
    <ClInclude Include="..\Classes\Grid.h">
      <Filter>src</Filter>
    </ClInclude>
    <ClInclude Include="..\Classes\Assets.h">
      <Filter>src</Filter>
    </ClInclude>
    <ClInclude Include="..\Classes\input\KeyboardInput.h">
      <Filter>src\input</Filter>
    </ClInclude>
    <ClInclude Include="..\Classes\input\MouseInput.h">
      <Filter>src\input</Filter>
    </ClInclude>
    <ClInclude Include="..\Classes\StateManager.h">
      <Filter>src</Filter>
    </ClInclude>
    <ClInclude Include="..\Classes\utility\Logger.h">
      <Filter>src\utility</Filter>
    </ClInclude>
    <ClInclude Include="..\Classes\SceneInit.h">
      <Filter>src</Filter>
    </ClInclude>
    <ClInclude Include="..\Classes\entities\Enemy.h">
      <Filter>src\entities</Filter>
    </ClInclude>
    <ClInclude Include="..\Classes\entities\Player.h">
      <Filter>src\entities</Filter>
    </ClInclude>
    <ClInclude Include="..\Classes\utility\Misc.h">
      <Filter>src\utility</Filter>
    </ClInclude>
  </ItemGroup>
  <ItemGroup>
    <ResourceCompile Include="game.rc">
      <Filter>resource</Filter>
    </ResourceCompile>
  </ItemGroup>
</Project>